// !$*UTF8*$!
{
	archiveVersion = 1;
	classes = {
	};
	objectVersion = 56;
	objects = {

/* Begin PBXBuildFile section */
		A91CD46D29B8466700041858 /* AppDelegate.swift in Sources */ = {isa = PBXBuildFile; fileRef = A91CD46C29B8466700041858 /* AppDelegate.swift */; };
		A91CD46F29B8466700041858 /* SceneDelegate.swift in Sources */ = {isa = PBXBuildFile; fileRef = A91CD46E29B8466700041858 /* SceneDelegate.swift */; };
		A91CD47129B8466700041858 /* ViewController.swift in Sources */ = {isa = PBXBuildFile; fileRef = A91CD47029B8466700041858 /* ViewController.swift */; };
		A91CD47429B8466700041858 /* Main.storyboard in Resources */ = {isa = PBXBuildFile; fileRef = A91CD47229B8466700041858 /* Main.storyboard */; };
		A91CD47629B8466700041858 /* Assets.xcassets in Resources */ = {isa = PBXBuildFile; fileRef = A91CD47529B8466700041858 /* Assets.xcassets */; };
		A91CD47929B8466700041858 /* LaunchScreen.storyboard in Resources */ = {isa = PBXBuildFile; fileRef = A91CD47729B8466700041858 /* LaunchScreen.storyboard */; };
		A91CD48129B846AE00041858 /* ListView.swift in Sources */ = {isa = PBXBuildFile; fileRef = A91CD48029B846AE00041858 /* ListView.swift */; };
		A91CD48429B8524500041858 /* TableViewController.swift in Sources */ = {isa = PBXBuildFile; fileRef = A91CD48229B8524500041858 /* TableViewController.swift */; };
		A91CD48529B8524500041858 /* TableViewController.xib in Resources */ = {isa = PBXBuildFile; fileRef = A91CD48329B8524500041858 /* TableViewController.xib */; };
		A91CD48829B852E000041858 /* TableViewCell.swift in Sources */ = {isa = PBXBuildFile; fileRef = A91CD48629B852E000041858 /* TableViewCell.swift */; };
		A91CD48929B852E000041858 /* TableViewCell.xib in Resources */ = {isa = PBXBuildFile; fileRef = A91CD48729B852E000041858 /* TableViewCell.xib */; };
/* End PBXBuildFile section */

/* Begin PBXFileReference section */
		A91CD46929B8466700041858 /* ListTapHighlight.app */ = {isa = PBXFileReference; explicitFileType = wrapper.application; includeInIndex = 0; path = ListTapHighlight.app; sourceTree = BUILT_PRODUCTS_DIR; };
		A91CD46C29B8466700041858 /* AppDelegate.swift */ = {isa = PBXFileReference; lastKnownFileType = sourcecode.swift; path = AppDelegate.swift; sourceTree = "<group>"; };
		A91CD46E29B8466700041858 /* SceneDelegate.swift */ = {isa = PBXFileReference; lastKnownFileType = sourcecode.swift; path = SceneDelegate.swift; sourceTree = "<group>"; };
		A91CD47029B8466700041858 /* ViewController.swift */ = {isa = PBXFileReference; lastKnownFileType = sourcecode.swift; path = ViewController.swift; sourceTree = "<group>"; };
		A91CD47329B8466700041858 /* Base */ = {isa = PBXFileReference; lastKnownFileType = file.storyboard; name = Base; path = Base.lproj/Main.storyboard; sourceTree = "<group>"; };
		A91CD47529B8466700041858 /* Assets.xcassets */ = {isa = PBXFileReference; lastKnownFileType = folder.assetcatalog; path = Assets.xcassets; sourceTree = "<group>"; };
		A91CD47829B8466700041858 /* Base */ = {isa = PBXFileReference; lastKnownFileType = file.storyboard; name = Base; path = Base.lproj/LaunchScreen.storyboard; sourceTree = "<group>"; };
		A91CD47A29B8466700041858 /* Info.plist */ = {isa = PBXFileReference; lastKnownFileType = text.plist.xml; path = Info.plist; sourceTree = "<group>"; };
		A91CD48029B846AE00041858 /* ListView.swift */ = {isa = PBXFileReference; lastKnownFileType = sourcecode.swift; path = ListView.swift; sourceTree = "<group>"; };
		A91CD48229B8524500041858 /* TableViewController.swift */ = {isa = PBXFileReference; lastKnownFileType = sourcecode.swift; path = TableViewController.swift; sourceTree = "<group>"; };
		A91CD48329B8524500041858 /* TableViewController.xib */ = {isa = PBXFileReference; lastKnownFileType = file.xib; path = TableViewController.xib; sourceTree = "<group>"; };
		A91CD48629B852E000041858 /* TableViewCell.swift */ = {isa = PBXFileReference; lastKnownFileType = sourcecode.swift; path = TableViewCell.swift; sourceTree = "<group>"; };
		A91CD48729B852E000041858 /* TableViewCell.xib */ = {isa = PBXFileReference; lastKnownFileType = file.xib; path = TableViewCell.xib; sourceTree = "<group>"; };
/* End PBXFileReference section */

/* Begin PBXFrameworksBuildPhase section */
		A91CD46629B8466700041858 /* Frameworks */ = {
			isa = PBXFrameworksBuildPhase;
			buildActionMask = 2147483647;
			files = (
			);
			runOnlyForDeploymentPostprocessing = 0;
		};
/* End PBXFrameworksBuildPhase section */

/* Begin PBXGroup section */
		A91CD46029B8466700041858 = {
			isa = PBXGroup;
			children = (
				A91CD46B29B8466700041858 /* ListTapHighlight */,
				A91CD46A29B8466700041858 /* Products */,
			);
			sourceTree = "<group>";
		};
		A91CD46A29B8466700041858 /* Products */ = {
			isa = PBXGroup;
			children = (
				A91CD46929B8466700041858 /* ListTapHighlight.app */,
			);
			name = Products;
			sourceTree = "<group>";
		};
		A91CD46B29B8466700041858 /* ListTapHighlight */ = {
			isa = PBXGroup;
			children = (
				A91CD46C29B8466700041858 /* AppDelegate.swift */,
				A91CD46E29B8466700041858 /* SceneDelegate.swift */,
				A91CD47029B8466700041858 /* ViewController.swift */,
				A91CD48229B8524500041858 /* TableViewController.swift */,
				A91CD48329B8524500041858 /* TableViewController.xib */,
				A91CD48629B852E000041858 /* TableViewCell.swift */,
				A91CD48729B852E000041858 /* TableViewCell.xib */,
				A91CD48029B846AE00041858 /* ListView.swift */,
				A91CD47229B8466700041858 /* Main.storyboard */,
				A91CD47729B8466700041858 /* LaunchScreen.storyboard */,
				A91CD47529B8466700041858 /* Assets.xcassets */,
				A91CD47A29B8466700041858 /* Info.plist */,
			);
			path = ListTapHighlight;
			sourceTree = "<group>";
		};
/* End PBXGroup section */

/* Begin PBXNativeTarget section */
		A91CD46829B8466700041858 /* ListTapHighlight */ = {
			isa = PBXNativeTarget;
			buildConfigurationList = A91CD47D29B8466700041858 /* Build configuration list for PBXNativeTarget "ListTapHighlight" */;
			buildPhases = (
				A91CD46529B8466700041858 /* Sources */,
				A91CD46629B8466700041858 /* Frameworks */,
				A91CD46729B8466700041858 /* Resources */,
			);
			buildRules = (
			);
			dependencies = (
			);
			name = ListTapHighlight;
			productName = ListTapHighlight;
			productReference = A91CD46929B8466700041858 /* ListTapHighlight.app */;
			productType = "com.apple.product-type.application";
		};
/* End PBXNativeTarget section */

/* Begin PBXProject section */
		A91CD46129B8466700041858 /* Project object */ = {
			isa = PBXProject;
			attributes = {
				BuildIndependentTargetsInParallel = 1;
				LastSwiftUpdateCheck = 1420;
				LastUpgradeCheck = 1420;
				TargetAttributes = {
					A91CD46829B8466700041858 = {
						CreatedOnToolsVersion = 14.2;
					};
				};
			};
			buildConfigurationList = A91CD46429B8466700041858 /* Build configuration list for PBXProject "ListTapHighlight" */;
			compatibilityVersion = "Xcode 14.0";
			developmentRegion = en;
			hasScannedForEncodings = 0;
			knownRegions = (
				en,
				Base,
			);
			mainGroup = A91CD46029B8466700041858;
			productRefGroup = A91CD46A29B8466700041858 /* Products */;
			projectDirPath = "";
			projectRoot = "";
			targets = (
				A91CD46829B8466700041858 /* ListTapHighlight */,
			);
		};
/* End PBXProject section */

/* Begin PBXResourcesBuildPhase section */
		A91CD46729B8466700041858 /* Resources */ = {
			isa = PBXResourcesBuildPhase;
			buildActionMask = 2147483647;
			files = (
				A91CD47929B8466700041858 /* LaunchScreen.storyboard in Resources */,
				A91CD48929B852E000041858 /* TableViewCell.xib in Resources */,
				A91CD47629B8466700041858 /* Assets.xcassets in Resources */,
				A91CD47429B8466700041858 /* Main.storyboard in Resources */,
				A91CD48529B8524500041858 /* TableViewController.xib in Resources */,
			);
			runOnlyForDeploymentPostprocessing = 0;
		};
/* End PBXResourcesBuildPhase section */

/* Begin PBXSourcesBuildPhase section */
		A91CD46529B8466700041858 /* Sources */ = {
			isa = PBXSourcesBuildPhase;
			buildActionMask = 2147483647;
			files = (
				A91CD48129B846AE00041858 /* ListView.swift in Sources */,
				A91CD47129B8466700041858 /* ViewController.swift in Sources */,
				A91CD46D29B8466700041858 /* AppDelegate.swift in Sources */,
				A91CD48829B852E000041858 /* TableViewCell.swift in Sources */,
				A91CD48429B8524500041858 /* TableViewController.swift in Sources */,
				A91CD46F29B8466700041858 /* SceneDelegate.swift in Sources */,
			);
			runOnlyForDeploymentPostprocessing = 0;
		};
/* End PBXSourcesBuildPhase section */

/* Begin PBXVariantGroup section */
		A91CD47229B8466700041858 /* Main.storyboard */ = {
			isa = PBXVariantGroup;
			children = (
				A91CD47329B8466700041858 /* Base */,
			);
			name = Main.storyboard;
			sourceTree = "<group>";
		};
		A91CD47729B8466700041858 /* LaunchScreen.storyboard */ = {
			isa = PBXVariantGroup;
			children = (
				A91CD47829B8466700041858 /* Base */,
			);
			name = LaunchScreen.storyboard;
			sourceTree = "<group>";
		};
/* End PBXVariantGroup section */

/* Begin XCBuildConfiguration section */
		A91CD47B29B8466700041858 /* Debug */ = {
			isa = XCBuildConfiguration;
			buildSettings = {
				ALWAYS_SEARCH_USER_PATHS = NO;
				CLANG_ANALYZER_NONNULL = YES;
				CLANG_ANALYZER_NUMBER_OBJECT_CONVERSION = YES_AGGRESSIVE;
				CLANG_CXX_LANGUAGE_STANDARD = "gnu++20";
				CLANG_ENABLE_MODULES = YES;
				CLANG_ENABLE_OBJC_ARC = YES;
				CLANG_ENABLE_OBJC_WEAK = YES;
				CLANG_WARN_BLOCK_CAPTURE_AUTORELEASING = YES;
				CLANG_WARN_BOOL_CONVERSION = YES;
				CLANG_WARN_COMMA = YES;
				CLANG_WARN_CONSTANT_CONVERSION = YES;
				CLANG_WARN_DEPRECATED_OBJC_IMPLEMENTATIONS = YES;
				CLANG_WARN_DIRECT_OBJC_ISA_USAGE = YES_ERROR;
				CLANG_WARN_DOCUMENTATION_COMMENTS = YES;
				CLANG_WARN_EMPTY_BODY = YES;
				CLANG_WARN_ENUM_CONVERSION = YES;
				CLANG_WARN_INFINITE_RECURSION = YES;
				CLANG_WARN_INT_CONVERSION = YES;
				CLANG_WARN_NON_LITERAL_NULL_CONVERSION = YES;
				CLANG_WARN_OBJC_IMPLICIT_RETAIN_SELF = YES;
				CLANG_WARN_OBJC_LITERAL_CONVERSION = YES;
				CLANG_WARN_OBJC_ROOT_CLASS = YES_ERROR;
				CLANG_WARN_QUOTED_INCLUDE_IN_FRAMEWORK_HEADER = YES;
				CLANG_WARN_RANGE_LOOP_ANALYSIS = YES;
				CLANG_WARN_STRICT_PROTOTYPES = YES;
				CLANG_WARN_SUSPICIOUS_MOVE = YES;
				CLANG_WARN_UNGUARDED_AVAILABILITY = YES_AGGRESSIVE;
				CLANG_WARN_UNREACHABLE_CODE = YES;
				CLANG_WARN__DUPLICATE_METHOD_MATCH = YES;
				COPY_PHASE_STRIP = NO;
				DEBUG_INFORMATION_FORMAT = dwarf;
				ENABLE_STRICT_OBJC_MSGSEND = YES;
				ENABLE_TESTABILITY = YES;
				GCC_C_LANGUAGE_STANDARD = gnu11;
				GCC_DYNAMIC_NO_PIC = NO;
				GCC_NO_COMMON_BLOCKS = YES;
				GCC_OPTIMIZATION_LEVEL = 0;
				GCC_PREPROCESSOR_DEFINITIONS = (
					"DEBUG=1",
					"$(inherited)",
				);
				GCC_WARN_64_TO_32_BIT_CONVERSION = YES;
				GCC_WARN_ABOUT_RETURN_TYPE = YES_ERROR;
				GCC_WARN_UNDECLARED_SELECTOR = YES;
				GCC_WARN_UNINITIALIZED_AUTOS = YES_AGGRESSIVE;
				GCC_WARN_UNUSED_FUNCTION = YES;
				GCC_WARN_UNUSED_VARIABLE = YES;
				IPHONEOS_DEPLOYMENT_TARGET = 16.2;
				MTL_ENABLE_DEBUG_INFO = INCLUDE_SOURCE;
				MTL_FAST_MATH = YES;
				ONLY_ACTIVE_ARCH = YES;
				SDKROOT = iphoneos;
				SWIFT_ACTIVE_COMPILATION_CONDITIONS = DEBUG;
				SWIFT_OPTIMIZATION_LEVEL = "-Onone";
			};
			name = Debug;
		};
		A91CD47C29B8466700041858 /* Release */ = {
			isa = XCBuildConfiguration;
			buildSettings = {
				ALWAYS_SEARCH_USER_PATHS = NO;
				CLANG_ANALYZER_NONNULL = YES;
				CLANG_ANALYZER_NUMBER_OBJECT_CONVERSION = YES_AGGRESSIVE;
				CLANG_CXX_LANGUAGE_STANDARD = "gnu++20";
				CLANG_ENABLE_MODULES = YES;
				CLANG_ENABLE_OBJC_ARC = YES;
				CLANG_ENABLE_OBJC_WEAK = YES;
				CLANG_WARN_BLOCK_CAPTURE_AUTORELEASING = YES;
				CLANG_WARN_BOOL_CONVERSION = YES;
				CLANG_WARN_COMMA = YES;
				CLANG_WARN_CONSTANT_CONVERSION = YES;
				CLANG_WARN_DEPRECATED_OBJC_IMPLEMENTATIONS = YES;
				CLANG_WARN_DIRECT_OBJC_ISA_USAGE = YES_ERROR;
				CLANG_WARN_DOCUMENTATION_COMMENTS = YES;
				CLANG_WARN_EMPTY_BODY = YES;
				CLANG_WARN_ENUM_CONVERSION = YES;
				CLANG_WARN_INFINITE_RECURSION = YES;
				CLANG_WARN_INT_CONVERSION = YES;
				CLANG_WARN_NON_LITERAL_NULL_CONVERSION = YES;
				CLANG_WARN_OBJC_IMPLICIT_RETAIN_SELF = YES;
				CLANG_WARN_OBJC_LITERAL_CONVERSION = YES;
				CLANG_WARN_OBJC_ROOT_CLASS = YES_ERROR;
				CLANG_WARN_QUOTED_INCLUDE_IN_FRAMEWORK_HEADER = YES;
				CLANG_WARN_RANGE_LOOP_ANALYSIS = YES;
				CLANG_WARN_STRICT_PROTOTYPES = YES;
				CLANG_WARN_SUSPICIOUS_MOVE = YES;
				CLANG_WARN_UNGUARDED_AVAILABILITY = YES_AGGRESSIVE;
				CLANG_WARN_UNREACHABLE_CODE = YES;
				CLANG_WARN__DUPLICATE_METHOD_MATCH = YES;
				COPY_PHASE_STRIP = NO;
				DEBUG_INFORMATION_FORMAT = "dwarf-with-dsym";
				ENABLE_NS_ASSERTIONS = NO;
				ENABLE_STRICT_OBJC_MSGSEND = YES;
				GCC_C_LANGUAGE_STANDARD = gnu11;
				GCC_NO_COMMON_BLOCKS = YES;
				GCC_WARN_64_TO_32_BIT_CONVERSION = YES;
				GCC_WARN_ABOUT_RETURN_TYPE = YES_ERROR;
				GCC_WARN_UNDECLARED_SELECTOR = YES;
				GCC_WARN_UNINITIALIZED_AUTOS = YES_AGGRESSIVE;
				GCC_WARN_UNUSED_FUNCTION = YES;
				GCC_WARN_UNUSED_VARIABLE = YES;
				IPHONEOS_DEPLOYMENT_TARGET = 16.2;
				MTL_ENABLE_DEBUG_INFO = NO;
				MTL_FAST_MATH = YES;
				SDKROOT = iphoneos;
				SWIFT_COMPILATION_MODE = wholemodule;
				SWIFT_OPTIMIZATION_LEVEL = "-O";
				VALIDATE_PRODUCT = YES;
			};
			name = Release;
		};
		A91CD47E29B8466700041858 /* Debug */ = {
			isa = XCBuildConfiguration;
			buildSettings = {
				ASSETCATALOG_COMPILER_APPICON_NAME = AppIcon;
				ASSETCATALOG_COMPILER_GLOBAL_ACCENT_COLOR_NAME = AccentColor;
				CODE_SIGN_STYLE = Automatic;
				CURRENT_PROJECT_VERSION = 1;
				GENERATE_INFOPLIST_FILE = YES;
				INFOPLIST_FILE = ListTapHighlight/Info.plist;
				INFOPLIST_KEY_UIApplicationSupportsIndirectInputEvents = YES;
				INFOPLIST_KEY_UILaunchStoryboardName = LaunchScreen;
				INFOPLIST_KEY_UIMainStoryboardFile = Main;
				INFOPLIST_KEY_UISupportedInterfaceOrientations_iPad = "UIInterfaceOrientationPortrait UIInterfaceOrientationPortraitUpsideDown UIInterfaceOrientationLandscapeLeft UIInterfaceOrientationLandscapeRight";
				INFOPLIST_KEY_UISupportedInterfaceOrientations_iPhone = "UIInterfaceOrientationPortrait UIInterfaceOrientationLandscapeLeft UIInterfaceOrientationLandscapeRight";
				LD_RUNPATH_SEARCH_PATHS = (
					"$(inherited)",
					"@executable_path/Frameworks",
				);
				MARKETING_VERSION = 1.0;
				PRODUCT_BUNDLE_IDENTIFIER = com.TAATHub.ListTapHighlight;
				PRODUCT_NAME = "$(TARGET_NAME)";
				SWIFT_EMIT_LOC_STRINGS = YES;
				SWIFT_VERSION = 5.0;
				TARGETED_DEVICE_FAMILY = "1,2";
			};
			name = Debug;
		};
		A91CD47F29B8466700041858 /* Release */ = {
			isa = XCBuildConfiguration;
			buildSettings = {
				ASSETCATALOG_COMPILER_APPICON_NAME = AppIcon;
				ASSETCATALOG_COMPILER_GLOBAL_ACCENT_COLOR_NAME = AccentColor;
				CODE_SIGN_STYLE = Automatic;
				CURRENT_PROJECT_VERSION = 1;
				GENERATE_INFOPLIST_FILE = YES;
				INFOPLIST_FILE = ListTapHighlight/Info.plist;
				INFOPLIST_KEY_UIApplicationSupportsIndirectInputEvents = YES;
				INFOPLIST_KEY_UILaunchStoryboardName = LaunchScreen;
				INFOPLIST_KEY_UIMainStoryboardFile = Main;
				INFOPLIST_KEY_UISupportedInterfaceOrientations_iPad = "UIInterfaceOrientationPortrait UIInterfaceOrientationPortraitUpsideDown UIInterfaceOrientationLandscapeLeft UIInterfaceOrientationLandscapeRight";
				INFOPLIST_KEY_UISupportedInterfaceOrientations_iPhone = "UIInterfaceOrientationPortrait UIInterfaceOrientationLandscapeLeft UIInterfaceOrientationLandscapeRight";
				LD_RUNPATH_SEARCH_PATHS = (
					"$(inherited)",
					"@executable_path/Frameworks",
				);
				MARKETING_VERSION = 1.0;
				PRODUCT_BUNDLE_IDENTIFIER = com.TAATHub.ListTapHighlight;
				PRODUCT_NAME = "$(TARGET_NAME)";
				SWIFT_EMIT_LOC_STRINGS = YES;
				SWIFT_VERSION = 5.0;
				TARGETED_DEVICE_FAMILY = "1,2";
			};
			name = Release;
		};
/* End XCBuildConfiguration section */

/* Begin XCConfigurationList section */
		A91CD46429B8466700041858 /* Build configuration list for PBXProject "ListTapHighlight" */ = {
			isa = XCConfigurationList;
			buildConfigurations = (
				A91CD47B29B8466700041858 /* Debug */,
				A91CD47C29B8466700041858 /* Release */,
			);
			defaultConfigurationIsVisible = 0;
			defaultConfigurationName = Release;
		};
		A91CD47D29B8466700041858 /* Build configuration list for PBXNativeTarget "ListTapHighlight" */ = {
			isa = XCConfigurationList;
			buildConfigurations = (
				A91CD47E29B8466700041858 /* Debug */,
				A91CD47F29B8466700041858 /* Release */,
			);
			defaultConfigurationIsVisible = 0;
			defaultConfigurationName = Release;
		};
/* End XCConfigurationList section */
	};
	rootObject = A91CD46129B8466700041858 /* Project object */;
}
